
Microsoft Visual Studio Solution File, Format Version 12.00
# Visual Studio 14
VisualStudioVersion = 14.0.25420.1
MinimumVisualStudioVersion = 10.0.40219.1
Project("{8BB2217D-0F2D-49D1-97BC-3654ED321F3B}") = "TelegramBot", "TelegramBot\TelegramBot.xproj", "{7E5E5086-8AB2-4575-8CA6-E605D4D6CF62}"
EndProject
Project("{8BB2217D-0F2D-49D1-97BC-3654ED321F3B}") = "TelegramBot.Test", "TelegramBot.Test\TelegramBot.Test.xproj", "{88F93146-0045-4CF8-9A22-878C92B47E3B}"
EndProject
Project("{8BB2217D-0F2D-49D1-97BC-3654ED321F3B}") = "PomBot", "PomBot\PomBot.xproj", "{9025921D-E247-49D1-A83A-0D015315EAE5}"
EndProject
Project("{2150E333-8FDC-42A3-9474-1A3956D46DE8}") = "Solution Items", "Solution Items", "{73FFB414-DAAE-4F4B-B381-AEF02DAD8DE1}"
EndProject
Global
	GlobalSection(SolutionConfigurationPlatforms) = preSolution
		Debug|Any CPU = Debug|Any CPU
		Release|Any CPU = Release|Any CPU
	EndGlobalSection
	GlobalSection(ProjectConfigurationPlatforms) = postSolution
		{7E5E5086-8AB2-4575-8CA6-E605D4D6CF62}.Debug|Any CPU.ActiveCfg = Debug|Any CPU
		{7E5E5086-8AB2-4575-8CA6-E605D4D6CF62}.Debug|Any CPU.Build.0 = Debug|Any CPU
		{7E5E5086-8AB2-4575-8CA6-E605D4D6CF62}.Release|Any CPU.ActiveCfg = Release|Any CPU
		{7E5E5086-8AB2-4575-8CA6-E605D4D6CF62}.Release|Any CPU.Build.0 = Release|Any CPU
		{88F93146-0045-4CF8-9A22-878C92B47E3B}.Debug|Any CPU.ActiveCfg = Debug|Any CPU
		{88F93146-0045-4CF8-9A22-878C92B47E3B}.Debug|Any CPU.Build.0 = Debug|Any CPU
		{88F93146-0045-4CF8-9A22-878C92B47E3B}.Release|Any CPU.ActiveCfg = Release|Any CPU
		{88F93146-0045-4CF8-9A22-878C92B47E3B}.Release|Any CPU.Build.0 = Release|Any CPU
		{9025921D-E247-49D1-A83A-0D015315EAE5}.Debug|Any CPU.ActiveCfg = Debug|Any CPU
		{9025921D-E247-49D1-A83A-0D015315EAE5}.Debug|Any CPU.Build.0 = Debug|Any CPU
		{9025921D-E247-49D1-A83A-0D015315EAE5}.Release|Any CPU.ActiveCfg = Release|Any CPU
		{9025921D-E247-49D1-A83A-0D015315EAE5}.Release|Any CPU.Build.0 = Release|Any CPU
	EndGlobalSection
	GlobalSection(SolutionProperties) = preSolution
		HideSolutionNode = FALSE
	EndGlobalSection
EndGlobal
